
Microsoft Visual Studio Solution File, Format Version 12.00
# Visual Studio Version 17
VisualStudioVersion = 17.5.33502.453
MinimumVisualStudioVersion = 10.0.40219.1
Project("{2150E333-8FDC-42A3-9474-1A3956D46DE8}") = "Web Apis", "Web Apis", "{CBC41DC0-86E8-469F-A7B1-B135EB0679BF}"
EndProject
Project("{2150E333-8FDC-42A3-9474-1A3956D46DE8}") = "MemberWebApi", "MemberWebApi", "{35F12D8B-B5ED-4538-8445-5F2CD2B0F42F}"
EndProject
Project("{9A19103F-16F7-4668-BE54-9A1E7A4F7556}") = "MemberWebApi", "..\MemberWebApi\MemberWebApi\MemberWebApi.csproj", "{17CDE858-F1AD-49CD-8A43-45F027E28E98}"
EndProject
Project("{2150E333-8FDC-42A3-9474-1A3956D46DE8}") = "Framework", "Framework", "{715ED61C-5264-49E3-A89D-1809C5F23944}"
EndProject
Project("{9A19103F-16F7-4668-BE54-9A1E7A4F7556}") = "Framework", "..\Framework\Framework.csproj", "{CE5333F0-1350-4A8B-BDE5-107898313B23}"
EndProject
Project("{9A19103F-16F7-4668-BE54-9A1E7A4F7556}") = "DataAccess", "..\DataAccess\DataAccess.csproj", "{4A89BAC1-665E-4F6B-B1F0-6AF73457DC1F}"
EndProject
Project("{2150E333-8FDC-42A3-9474-1A3956D46DE8}") = "Logic", "Logic", "{27BB16DC-BDCB-482B-B505-691D88E2F360}"
EndProject
Project("{2150E333-8FDC-42A3-9474-1A3956D46DE8}") = "Data", "Data", "{E01EEE08-3118-4DD5-802D-47B5807BC7EE}"
EndProject
Project("{2150E333-8FDC-42A3-9474-1A3956D46DE8}") = "LogicTrainer", "LogicTrainer", "{D241F241-BDA4-4582-A553-1E20890ED084}"
EndProject
Project("{2150E333-8FDC-42A3-9474-1A3956D46DE8}") = "LogicMember", "LogicMember", "{9E234E18-314E-4001-9898-B80511A27493}"
EndProject
Project("{2150E333-8FDC-42A3-9474-1A3956D46DE8}") = "TrainerWebApi", "TrainerWebApi", "{EE1D90FF-4C01-4E93-920D-487B88EE430A}"
EndProject
Project("{9A19103F-16F7-4668-BE54-9A1E7A4F7556}") = "TrainerWebApi", "..\TrainerWebApi\TrainerWebApi.csproj", "{E6B475F3-F0D0-45EC-A498-31A6DEE6FA58}"
EndProject
Project("{9A19103F-16F7-4668-BE54-9A1E7A4F7556}") = "LogicTrainer", "..\LogicalLayer\LogicTrainer\LogicTrainer.csproj", "{2FAD872F-2F1E-4F16-A8C7-82233990495C}"
EndProject
Project("{9A19103F-16F7-4668-BE54-9A1E7A4F7556}") = "LogicMember", "..\LogicalLayer\LogicMember\LogicMember.csproj", "{ABCA1E6F-44BA-4C29-9852-6D912A9D3B9B}"
EndProject
Project("{2150E333-8FDC-42A3-9474-1A3956D46DE8}") = "LogicGeneral", "LogicGeneral", "{69A78DF9-3741-4FEE-83BD-F5CCFF736DB9}"
EndProject
Project("{9A19103F-16F7-4668-BE54-9A1E7A4F7556}") = "LogicGeneral", "..\LogicalLayer\LogicGeneral\LogicGeneral.csproj", "{0DD9F0C5-4E6F-40BF-8BB6-72E6FF933977}"
EndProject
Project("{2150E333-8FDC-42A3-9474-1A3956D46DE8}") = "GeneralWebApi", "GeneralWebApi", "{F605A131-E786-48EB-A81A-F40124E7A9F2}"
EndProject
Project("{9A19103F-16F7-4668-BE54-9A1E7A4F7556}") = "GeneralWebApi", "..\GeneralWebApi\GeneralWebApi.csproj", "{B544422A-2BEC-4DBA-8617-F26F8CD7979F}"
EndProject
Project("{2150E333-8FDC-42A3-9474-1A3956D46DE8}") = "DependencyInjection", "DependencyInjection", "{E5F4D451-4B99-4AB9-8519-EAE10F5A0435}"
EndProject
Project("{9A19103F-16F7-4668-BE54-9A1E7A4F7556}") = "DependencyInfra", "..\DependencyInfra\DependencyInfra.csproj", "{882FF0B3-B866-4D1A-9493-FFE4595A4ED1}"
EndProject
Global
	GlobalSection(SolutionConfigurationPlatforms) = preSolution
		Debug|Any CPU = Debug|Any CPU
		Release|Any CPU = Release|Any CPU
	EndGlobalSection
	GlobalSection(ProjectConfigurationPlatforms) = postSolution
		{17CDE858-F1AD-49CD-8A43-45F027E28E98}.Debug|Any CPU.ActiveCfg = Debug|Any CPU
		{17CDE858-F1AD-49CD-8A43-45F027E28E98}.Debug|Any CPU.Build.0 = Debug|Any CPU
		{17CDE858-F1AD-49CD-8A43-45F027E28E98}.Release|Any CPU.ActiveCfg = Release|Any CPU
		{17CDE858-F1AD-49CD-8A43-45F027E28E98}.Release|Any CPU.Build.0 = Release|Any CPU
		{CE5333F0-1350-4A8B-BDE5-107898313B23}.Debug|Any CPU.ActiveCfg = Debug|Any CPU
		{CE5333F0-1350-4A8B-BDE5-107898313B23}.Debug|Any CPU.Build.0 = Debug|Any CPU
		{CE5333F0-1350-4A8B-BDE5-107898313B23}.Release|Any CPU.ActiveCfg = Release|Any CPU
		{CE5333F0-1350-4A8B-BDE5-107898313B23}.Release|Any CPU.Build.0 = Release|Any CPU
		{4A89BAC1-665E-4F6B-B1F0-6AF73457DC1F}.Debug|Any CPU.ActiveCfg = Debug|Any CPU
		{4A89BAC1-665E-4F6B-B1F0-6AF73457DC1F}.Debug|Any CPU.Build.0 = Debug|Any CPU
		{4A89BAC1-665E-4F6B-B1F0-6AF73457DC1F}.Release|Any CPU.ActiveCfg = Release|Any CPU
		{4A89BAC1-665E-4F6B-B1F0-6AF73457DC1F}.Release|Any CPU.Build.0 = Release|Any CPU
		{E6B475F3-F0D0-45EC-A498-31A6DEE6FA58}.Debug|Any CPU.ActiveCfg = Debug|Any CPU
		{E6B475F3-F0D0-45EC-A498-31A6DEE6FA58}.Debug|Any CPU.Build.0 = Debug|Any CPU
		{E6B475F3-F0D0-45EC-A498-31A6DEE6FA58}.Release|Any CPU.ActiveCfg = Release|Any CPU
		{E6B475F3-F0D0-45EC-A498-31A6DEE6FA58}.Release|Any CPU.Build.0 = Release|Any CPU
		{2FAD872F-2F1E-4F16-A8C7-82233990495C}.Debug|Any CPU.ActiveCfg = Debug|Any CPU
		{2FAD872F-2F1E-4F16-A8C7-82233990495C}.Debug|Any CPU.Build.0 = Debug|Any CPU
		{2FAD872F-2F1E-4F16-A8C7-82233990495C}.Release|Any CPU.ActiveCfg = Release|Any CPU
		{2FAD872F-2F1E-4F16-A8C7-82233990495C}.Release|Any CPU.Build.0 = Release|Any CPU
		{ABCA1E6F-44BA-4C29-9852-6D912A9D3B9B}.Debug|Any CPU.ActiveCfg = Debug|Any CPU
		{ABCA1E6F-44BA-4C29-9852-6D912A9D3B9B}.Debug|Any CPU.Build.0 = Debug|Any CPU
		{ABCA1E6F-44BA-4C29-9852-6D912A9D3B9B}.Release|Any CPU.ActiveCfg = Release|Any CPU
		{ABCA1E6F-44BA-4C29-9852-6D912A9D3B9B}.Release|Any CPU.Build.0 = Release|Any CPU
		{0DD9F0C5-4E6F-40BF-8BB6-72E6FF933977}.Debug|Any CPU.ActiveCfg = Debug|Any CPU
		{0DD9F0C5-4E6F-40BF-8BB6-72E6FF933977}.Debug|Any CPU.Build.0 = Debug|Any CPU
		{0DD9F0C5-4E6F-40BF-8BB6-72E6FF933977}.Release|Any CPU.ActiveCfg = Release|Any CPU
		{0DD9F0C5-4E6F-40BF-8BB6-72E6FF933977}.Release|Any CPU.Build.0 = Release|Any CPU
		{B544422A-2BEC-4DBA-8617-F26F8CD7979F}.Debug|Any CPU.ActiveCfg = Debug|Any CPU
		{B544422A-2BEC-4DBA-8617-F26F8CD7979F}.Debug|Any CPU.Build.0 = Debug|Any CPU
		{B544422A-2BEC-4DBA-8617-F26F8CD7979F}.Release|Any CPU.ActiveCfg = Release|Any CPU
		{B544422A-2BEC-4DBA-8617-F26F8CD7979F}.Release|Any CPU.Build.0 = Release|Any CPU
		{882FF0B3-B866-4D1A-9493-FFE4595A4ED1}.Debug|Any CPU.ActiveCfg = Debug|Any CPU
		{882FF0B3-B866-4D1A-9493-FFE4595A4ED1}.Debug|Any CPU.Build.0 = Debug|Any CPU
		{882FF0B3-B866-4D1A-9493-FFE4595A4ED1}.Release|Any CPU.ActiveCfg = Release|Any CPU
		{882FF0B3-B866-4D1A-9493-FFE4595A4ED1}.Release|Any CPU.Build.0 = Release|Any CPU
	EndGlobalSection
	GlobalSection(SolutionProperties) = preSolution
		HideSolutionNode = FALSE
	EndGlobalSection
	GlobalSection(NestedProjects) = preSolution
		{35F12D8B-B5ED-4538-8445-5F2CD2B0F42F} = {CBC41DC0-86E8-469F-A7B1-B135EB0679BF}
		{17CDE858-F1AD-49CD-8A43-45F027E28E98} = {35F12D8B-B5ED-4538-8445-5F2CD2B0F42F}
		{CE5333F0-1350-4A8B-BDE5-107898313B23} = {715ED61C-5264-49E3-A89D-1809C5F23944}
		{4A89BAC1-665E-4F6B-B1F0-6AF73457DC1F} = {E01EEE08-3118-4DD5-802D-47B5807BC7EE}
		{D241F241-BDA4-4582-A553-1E20890ED084} = {27BB16DC-BDCB-482B-B505-691D88E2F360}
		{9E234E18-314E-4001-9898-B80511A27493} = {27BB16DC-BDCB-482B-B505-691D88E2F360}
		{EE1D90FF-4C01-4E93-920D-487B88EE430A} = {CBC41DC0-86E8-469F-A7B1-B135EB0679BF}
		{E6B475F3-F0D0-45EC-A498-31A6DEE6FA58} = {EE1D90FF-4C01-4E93-920D-487B88EE430A}
		{2FAD872F-2F1E-4F16-A8C7-82233990495C} = {D241F241-BDA4-4582-A553-1E20890ED084}
		{ABCA1E6F-44BA-4C29-9852-6D912A9D3B9B} = {9E234E18-314E-4001-9898-B80511A27493}
		{69A78DF9-3741-4FEE-83BD-F5CCFF736DB9} = {27BB16DC-BDCB-482B-B505-691D88E2F360}
		{0DD9F0C5-4E6F-40BF-8BB6-72E6FF933977} = {69A78DF9-3741-4FEE-83BD-F5CCFF736DB9}
		{F605A131-E786-48EB-A81A-F40124E7A9F2} = {CBC41DC0-86E8-469F-A7B1-B135EB0679BF}
		{B544422A-2BEC-4DBA-8617-F26F8CD7979F} = {F605A131-E786-48EB-A81A-F40124E7A9F2}
		{E5F4D451-4B99-4AB9-8519-EAE10F5A0435} = {CBC41DC0-86E8-469F-A7B1-B135EB0679BF}
		{882FF0B3-B866-4D1A-9493-FFE4595A4ED1} = {E5F4D451-4B99-4AB9-8519-EAE10F5A0435}
	EndGlobalSection
	GlobalSection(ExtensibilityGlobals) = postSolution
		SolutionGuid = {90949BA0-47FD-4CE8-B535-C1D08D0A5FE3}
	EndGlobalSection
EndGlobal
