
Microsoft Visual Studio Solution File, Format Version 12.00
# Visual Studio Version 17
VisualStudioVersion = 17.5.33502.453
MinimumVisualStudioVersion = 10.0.40219.1
Project("{9A19103F-16F7-4668-BE54-9A1E7A4F7556}") = "MVC Gymclub", "MVC Gymclub\MVC Gymclub.csproj", "{7D1D7E99-5BBC-44DC-AD79-4373EC314923}"
EndProject
Project("{2150E333-8FDC-42A3-9474-1A3956D46DE8}") = "Data", "Data", "{7564598B-9B2F-48EB-B023-3DA1D07782D5}"
EndProject
Project("{2150E333-8FDC-42A3-9474-1A3956D46DE8}") = "Logic", "Logic", "{28D57666-2A17-40CE-9BDE-B58C9F2650BE}"
EndProject
Project("{2150E333-8FDC-42A3-9474-1A3956D46DE8}") = "Framework", "Framework", "{F4BA576D-88FF-425A-8979-65D266C79F77}"
EndProject
Project("{2150E333-8FDC-42A3-9474-1A3956D46DE8}") = "Model", "Model", "{61C11F97-9323-4367-AF3D-D539048C38FD}"
EndProject
Project("{9A19103F-16F7-4668-BE54-9A1E7A4F7556}") = "Model", "Model\Model.csproj", "{57199E9B-2F64-44D0-9D61-1AEBC54FEA02}"
EndProject
Project("{2150E333-8FDC-42A3-9474-1A3956D46DE8}") = "DependencyInfra", "DependencyInfra", "{9D078CE7-9E79-40BC-BDC4-046203C19E2A}"
EndProject
Project("{2150E333-8FDC-42A3-9474-1A3956D46DE8}") = "LogicMember", "LogicMember", "{688082F0-01B7-4DD2-98E1-25E872E4AFFF}"
EndProject
Project("{FAE04EC0-301F-11D3-BF4B-00C04F79EFBC}") = "LogicMember", "LogicMember\LogicMember.csproj", "{49493484-927E-4653-A679-CAADA30AB66B}"
EndProject
Project("{9A19103F-16F7-4668-BE54-9A1E7A4F7556}") = "DataAccess", "..\Back end\DataAccess\DataAccess.csproj", "{E53E6C46-B3AF-48EF-8CB6-2EBB9220B5BA}"
EndProject
Project("{9A19103F-16F7-4668-BE54-9A1E7A4F7556}") = "Framework", "..\Back end\Framework\Framework.csproj", "{89B76DB4-CDA9-488E-9D23-B69C66944DE6}"
EndProject
Project("{9A19103F-16F7-4668-BE54-9A1E7A4F7556}") = "DependencyInfra", "..\Back end\DependencyInfra\DependencyInfra.csproj", "{872FD43E-E3FC-4DE5-B2FC-38B51D53B05F}"
EndProject
Global
	GlobalSection(SolutionConfigurationPlatforms) = preSolution
		Debug|Any CPU = Debug|Any CPU
		Release|Any CPU = Release|Any CPU
	EndGlobalSection
	GlobalSection(ProjectConfigurationPlatforms) = postSolution
		{7D1D7E99-5BBC-44DC-AD79-4373EC314923}.Debug|Any CPU.ActiveCfg = Debug|Any CPU
		{7D1D7E99-5BBC-44DC-AD79-4373EC314923}.Debug|Any CPU.Build.0 = Debug|Any CPU
		{7D1D7E99-5BBC-44DC-AD79-4373EC314923}.Release|Any CPU.ActiveCfg = Release|Any CPU
		{7D1D7E99-5BBC-44DC-AD79-4373EC314923}.Release|Any CPU.Build.0 = Release|Any CPU
		{57199E9B-2F64-44D0-9D61-1AEBC54FEA02}.Debug|Any CPU.ActiveCfg = Debug|Any CPU
		{57199E9B-2F64-44D0-9D61-1AEBC54FEA02}.Debug|Any CPU.Build.0 = Debug|Any CPU
		{57199E9B-2F64-44D0-9D61-1AEBC54FEA02}.Release|Any CPU.ActiveCfg = Release|Any CPU
		{57199E9B-2F64-44D0-9D61-1AEBC54FEA02}.Release|Any CPU.Build.0 = Release|Any CPU
		{49493484-927E-4653-A679-CAADA30AB66B}.Debug|Any CPU.ActiveCfg = Debug|Any CPU
		{49493484-927E-4653-A679-CAADA30AB66B}.Debug|Any CPU.Build.0 = Debug|Any CPU
		{49493484-927E-4653-A679-CAADA30AB66B}.Release|Any CPU.ActiveCfg = Release|Any CPU
		{49493484-927E-4653-A679-CAADA30AB66B}.Release|Any CPU.Build.0 = Release|Any CPU
		{E53E6C46-B3AF-48EF-8CB6-2EBB9220B5BA}.Debug|Any CPU.ActiveCfg = Debug|Any CPU
		{E53E6C46-B3AF-48EF-8CB6-2EBB9220B5BA}.Debug|Any CPU.Build.0 = Debug|Any CPU
		{E53E6C46-B3AF-48EF-8CB6-2EBB9220B5BA}.Release|Any CPU.ActiveCfg = Release|Any CPU
		{E53E6C46-B3AF-48EF-8CB6-2EBB9220B5BA}.Release|Any CPU.Build.0 = Release|Any CPU
		{89B76DB4-CDA9-488E-9D23-B69C66944DE6}.Debug|Any CPU.ActiveCfg = Debug|Any CPU
		{89B76DB4-CDA9-488E-9D23-B69C66944DE6}.Debug|Any CPU.Build.0 = Debug|Any CPU
		{89B76DB4-CDA9-488E-9D23-B69C66944DE6}.Release|Any CPU.ActiveCfg = Release|Any CPU
		{89B76DB4-CDA9-488E-9D23-B69C66944DE6}.Release|Any CPU.Build.0 = Release|Any CPU
		{872FD43E-E3FC-4DE5-B2FC-38B51D53B05F}.Debug|Any CPU.ActiveCfg = Debug|Any CPU
		{872FD43E-E3FC-4DE5-B2FC-38B51D53B05F}.Debug|Any CPU.Build.0 = Debug|Any CPU
		{872FD43E-E3FC-4DE5-B2FC-38B51D53B05F}.Release|Any CPU.ActiveCfg = Release|Any CPU
		{872FD43E-E3FC-4DE5-B2FC-38B51D53B05F}.Release|Any CPU.Build.0 = Release|Any CPU
	EndGlobalSection
	GlobalSection(SolutionProperties) = preSolution
		HideSolutionNode = FALSE
	EndGlobalSection
	GlobalSection(NestedProjects) = preSolution
		{57199E9B-2F64-44D0-9D61-1AEBC54FEA02} = {61C11F97-9323-4367-AF3D-D539048C38FD}
		{688082F0-01B7-4DD2-98E1-25E872E4AFFF} = {28D57666-2A17-40CE-9BDE-B58C9F2650BE}
		{49493484-927E-4653-A679-CAADA30AB66B} = {688082F0-01B7-4DD2-98E1-25E872E4AFFF}
		{E53E6C46-B3AF-48EF-8CB6-2EBB9220B5BA} = {7564598B-9B2F-48EB-B023-3DA1D07782D5}
		{89B76DB4-CDA9-488E-9D23-B69C66944DE6} = {F4BA576D-88FF-425A-8979-65D266C79F77}
		{872FD43E-E3FC-4DE5-B2FC-38B51D53B05F} = {9D078CE7-9E79-40BC-BDC4-046203C19E2A}
	EndGlobalSection
	GlobalSection(ExtensibilityGlobals) = postSolution
		SolutionGuid = {A490F34A-1B12-4CAC-BCE2-2F0A0A18837E}
	EndGlobalSection
EndGlobal
